
Microsoft Visual Studio Solution File, Format Version 12.00
# Visual Studio Version 17
VisualStudioVersion = 17.4.33110.190
MinimumVisualStudioVersion = 10.0.40219.1
Project("{FAE04EC0-301F-11D3-BF4B-00C04F79EFBC}") = "ChartMaster", "ChartMaster\ChartMaster.csproj", "{F615E05E-89CC-4F8F-8B29-065EEED83669}"
EndProject
Global
	GlobalSection(SolutionConfigurationPlatforms) = preSolution
		Debug|Any CPU = Debug|Any CPU
		Release|Any CPU = Release|Any CPU
	EndGlobalSection
	GlobalSection(ProjectConfigurationPlatforms) = postSolution
		{F615E05E-89CC-4F8F-8B29-065EEED83669}.Debug|Any CPU.ActiveCfg = Debug|Any CPU
		{F615E05E-89CC-4F8F-8B29-065EEED83669}.Debug|Any CPU.Build.0 = Debug|Any CPU
		{F615E05E-89CC-4F8F-8B29-065EEED83669}.Release|Any CPU.ActiveCfg = Release|Any CPU
		{F615E05E-89CC-4F8F-8B29-065EEED83669}.Release|Any CPU.Build.0 = Release|Any CPU
	EndGlobalSection
	GlobalSection(SolutionProperties) = preSolution
		HideSolutionNode = FALSE
	EndGlobalSection
	GlobalSection(ExtensibilityGlobals) = postSolution
		SolutionGuid = {3DA0ADEE-2A4C-4F24-9413-D2878B0865B2}
	EndGlobalSection
EndGlobal
